<Project xmlns="http://schemas.microsoft.com/developer/msbuild/2003">
  <PropertyGroup>
    <ProjectGuid>{5D5079B8-72F7-4E57-BD63-627A668E8A9A}</ProjectGuid>
    <ProjectVersion>20.3</ProjectVersion>
    <FrameworkType>VCL</FrameworkType>
    <Base>true</Base>
    <Config Condition="'$(Config)'==''">Debug</Config>
    <Platform Condition="'$(Platform)'==''">Win32</Platform>
    <ProjectName>FileOrganizer</ProjectName>
    <TargetedPlatforms>3</TargetedPlatforms>
    <AppType>Application</AppType>
    <MainSource>FileOrganizer.dpr</MainSource>
    <DCC_DcuOutput>.\$(Platform)\$(Config)</DCC_DcuOutput>
    <DCC_ExeOutput>.\$(Platform)\$(Config)</DCC_ExeOutput>
    <DCC_Namespace>System;System.Win;Winapi;Vcl;Data;Xml;$(DCC_Namespace)</DCC_Namespace>
    <AppDPIAwarenessMode>PerMonitorV2</AppDPIAwarenessMode>
    <Manifest_File>$(BDS)\bin\default_app.manifest</Manifest_File>
    <VerInfo_IncludeVerInfo>true</VerInfo_IncludeVerInfo>
    <VerInfo_Keys>FileDescription=Organizador de Arquivos;FileVersion=1.1.0.0;ProductName=Organizador de Arquivos;ProductVersion=1.1.0.0</VerInfo_Keys>
  </PropertyGroup>
  <PropertyGroup Condition="'$(Config)'=='Debug'">
    <DCC_Define>DEBUG;$(DCC_Define)</DCC_Define>
    <DCC_DebugInformation>2</DCC_DebugInformation>
    <DCC_LocalDebugSymbols>true</DCC_LocalDebugSymbols>
    <DCC_Optimize>false</DCC_Optimize>
    <DCC_RangeChecking>true</DCC_RangeChecking>
    <DCC_IntegerOverflowCheck>true</DCC_IntegerOverflowCheck>
  </PropertyGroup>
  <PropertyGroup Condition="'$(Config)'=='Release'">
    <DCC_Define>RELEASE;$(DCC_Define)</DCC_Define>
    <DCC_DebugInformation>0</DCC_DebugInformation>
    <DCC_LocalDebugSymbols>false</DCC_LocalDebugSymbols>
    <DCC_Optimize>true</DCC_Optimize>
  </PropertyGroup>
  <ItemGroup>
    <DelphiCompile Include="$(MainSource)">
      <MainSource>MainSource</MainSource>
    </DelphiCompile>
    <DCCReference Include="MainForm.pas" />
    <DCCReference Include="RenameEngine.pas" />
    <BuildConfiguration Include="Base">
      <Key>Base</Key>
    </BuildConfiguration>
    <BuildConfiguration Include="Debug">
      <Key>Cfg_1</Key>
      <CfgParent>Base</CfgParent>
    </BuildConfiguration>
    <BuildConfiguration Include="Release">
      <Key>Cfg_2</Key>
      <CfgParent>Base</CfgParent>
    </BuildConfiguration>
  </ItemGroup>
  <ProjectExtensions>
    <Borland.Personality>Delphi.Personality.12</Borland.Personality>
    <Borland.ProjectType>Application</Borland.ProjectType>
    <BorlandProject>
      <Delphi.Personality>
        <Source><Source Name="MainSource">FileOrganizer.dpr</Source></Source>
      </Delphi.Personality>
      <Platforms>
        <Platform value="Win32">True</Platform>
        <Platform value="Win64">True</Platform>
      </Platforms>
    </BorlandProject>
    <ProjectFileVersion>12</ProjectFileVersion>
  </ProjectExtensions>
  <Import Project="$(BDS)\Bin\CodeGear.Delphi.Targets" Condition="Exists('$(BDS)\Bin\CodeGear.Delphi.Targets')" />
</Project>
